{
  "object": {
    "pins": [
      {
        "package": "SwiftIO",
        "repositoryURL": "https://github.com/madmachineio/SwiftIO.git",
        "state": {
          "branch": "main",
          "revision": "99454968ccf4df247068e667cba100b5e30459de",
          "version": null
        }
      }
    ]
  },
  "version": 1
}
