{
  "object": {
    "pins": [
      {
        "package": "SwiftIO",
        "repositoryURL": "https://github.com/madmachineio/SwiftIO.git",
        "state": {
          "branch": "release/v0.2",
          "revision": "248f5a65db60a01662e9700e6056a7a37ed1d53c",
          "version": null
        }
      }
    ]
  },
  "version": 1
}
